// !$*UTF8*$!
{
	archiveVersion = 1;
	classes = {
	};
	objectVersion = 50;
	objects = {

/* Begin PBXBuildFile section */
		1014A03724809B2D000EC4EB /* IndicationsContraindications.swift in Sources */ = {isa = PBXBuildFile; fileRef = 1014A03624809B2D000EC4EB /* IndicationsContraindications.swift */; };
		1014A03D248135FD000EC4EB /* FilterRemoval.swift in Sources */ = {isa = PBXBuildFile; fileRef = 1014A03C248135FD000EC4EB /* FilterRemoval.swift */; };
		1014A03F24813925000EC4EB /* FilterComplications.swift in Sources */ = {isa = PBXBuildFile; fileRef = 1014A03E24813925000EC4EB /* FilterComplications.swift */; };
		1014A0412481519F000EC4EB /* FilterPenetration.swift in Sources */ = {isa = PBXBuildFile; fileRef = 1014A0402481519F000EC4EB /* FilterPenetration.swift */; };
		1014A043248179A2000EC4EB /* references.json in Resources */ = {isa = PBXBuildFile; fileRef = 1014A042248179A2000EC4EB /* references.json */; };
		1014A04524817AC0000EC4EB /* Reference.swift in Sources */ = {isa = PBXBuildFile; fileRef = 1014A04424817AC0000EC4EB /* Reference.swift */; };
		1014A04724819A13000EC4EB /* ReferenceList.swift in Sources */ = {isa = PBXBuildFile; fileRef = 1014A04624819A13000EC4EB /* ReferenceList.swift */; };
		1041A11B246713AC0046681D /* FilterRow.swift in Sources */ = {isa = PBXBuildFile; fileRef = 1041A11A246713AC0046681D /* FilterRow.swift */; };
		1041A11D246713C20046681D /* FilterList.swift in Sources */ = {isa = PBXBuildFile; fileRef = 1041A11C246713C20046681D /* FilterList.swift */; };
		1041A120246715E40046681D /* Filter.swift in Sources */ = {isa = PBXBuildFile; fileRef = 1041A11F246715E40046681D /* Filter.swift */; };
		1041A122246717870046681D /* Data.swift in Sources */ = {isa = PBXBuildFile; fileRef = 1041A121246717870046681D /* Data.swift */; };
		1041A136246719880046681D /* CookGuntherTulip.jpg in Resources */ = {isa = PBXBuildFile; fileRef = 1041A124246719870046681D /* CookGuntherTulip.jpg */; };
		1041A137246719880046681D /* CookBirdsNest.jpg in Resources */ = {isa = PBXBuildFile; fileRef = 1041A125246719870046681D /* CookBirdsNest.jpg */; };
		1041A138246719880046681D /* CordisOptease.jpg in Resources */ = {isa = PBXBuildFile; fileRef = 1041A126246719870046681D /* CordisOptease.jpg */; };
		1041A139246719880046681D /* RafaelSafeFlo.jpg in Resources */ = {isa = PBXBuildFile; fileRef = 1041A127246719870046681D /* RafaelSafeFlo.jpg */; };
		1041A13A246719880046681D /* CordisTrapease.jpg in Resources */ = {isa = PBXBuildFile; fileRef = 1041A128246719870046681D /* CordisTrapease.jpg */; };
		1041A13B246719880046681D /* VolcanoCrux.jpg in Resources */ = {isa = PBXBuildFile; fileRef = 1041A129246719880046681D /* VolcanoCrux.jpg */; };
		1041A13C246719880046681D /* Logo.jpg in Resources */ = {isa = PBXBuildFile; fileRef = 1041A12A246719880046681D /* Logo.jpg */; };
		1041A13D246719880046681D /* BostonScientificTitaniumGreenfield.jpg in Resources */ = {isa = PBXBuildFile; fileRef = 1041A12B246719880046681D /* BostonScientificTitaniumGreenfield.jpg */; };
		1041A13E246719880046681D /* CookCelectPlatinum.jpg in Resources */ = {isa = PBXBuildFile; fileRef = 1041A12C246719880046681D /* CookCelectPlatinum.jpg */; };
		1041A13F246719880046681D /* Complications4.png in Resources */ = {isa = PBXBuildFile; fileRef = 1041A12D246719880046681D /* Complications4.png */; };
		1041A140246719880046681D /* CookCelect.jpg in Resources */ = {isa = PBXBuildFile; fileRef = 1041A12E246719880046681D /* CookCelect.jpg */; };
		1041A141246719880046681D /* VolcanoCrux2.jpg in Resources */ = {isa = PBXBuildFile; fileRef = 1041A12F246719880046681D /* VolcanoCrux2.jpg */; };
		1041A142246719880046681D /* Complications6.png in Resources */ = {isa = PBXBuildFile; fileRef = 1041A130246719880046681D /* Complications6.png */; };
		1041A143246719880046681D /* Complications2.png in Resources */ = {isa = PBXBuildFile; fileRef = 1041A131246719880046681D /* Complications2.png */; };
		1041A144246719880046681D /* RexMedicalOption.jpg in Resources */ = {isa = PBXBuildFile; fileRef = 1041A132246719880046681D /* RexMedicalOption.jpg */; };
		1041A145246719880046681D /* Complications5.png in Resources */ = {isa = PBXBuildFile; fileRef = 1041A133246719880046681D /* Complications5.png */; };
		1041A146246719880046681D /* Complications1.png in Resources */ = {isa = PBXBuildFile; fileRef = 1041A134246719880046681D /* Complications1.png */; };
		1041A147246719880046681D /* Complications3.png in Resources */ = {isa = PBXBuildFile; fileRef = 1041A135246719880046681D /* Complications3.png */; };
		1041A150246719960046681D /* BardMeridian.jpg in Resources */ = {isa = PBXBuildFile; fileRef = 1041A148246719960046681D /* BardMeridian.jpg */; };
		1041A151246719960046681D /* BostonScientific24FrStainlessGreenfield.jpg in Resources */ = {isa = PBXBuildFile; fileRef = 1041A149246719960046681D /* BostonScientific24FrStainlessGreenfield.jpg */; };
		1041A152246719960046681D /* BBraunVenaTechLP.jpg in Resources */ = {isa = PBXBuildFile; fileRef = 1041A14A246719960046681D /* BBraunVenaTechLP.jpg */; };
		1041A153246719960046681D /* BardG2X.jpg in Resources */ = {isa = PBXBuildFile; fileRef = 1041A14B246719960046681D /* BardG2X.jpg */; };
		1041A154246719960046681D /* BBraunVenaTechLGM.jpg in Resources */ = {isa = PBXBuildFile; fileRef = 1041A14C246719960046681D /* BBraunVenaTechLGM.jpg */; };
		1041A155246719960046681D /* BardRecovery.jpg in Resources */ = {isa = PBXBuildFile; fileRef = 1041A14D246719960046681D /* BardRecovery.jpg */; };
		1041A156246719960046681D /* BardSimonNitinol.jpg in Resources */ = {isa = PBXBuildFile; fileRef = 1041A14E246719960046681D /* BardSimonNitinol.jpg */; };
		1041A157246719960046681D /* BostonScientific12FrStainlessGreenfield.jpg in Resources */ = {isa = PBXBuildFile; fileRef = 1041A14F246719960046681D /* BostonScientific12FrStainlessGreenfield.jpg */; };
		1041A15C246719A30046681D /* ALN.jpg in Resources */ = {isa = PBXBuildFile; fileRef = 1041A158246719A30046681D /* ALN.jpg */; };
		1041A15D246719A30046681D /* BardG2.jpg in Resources */ = {isa = PBXBuildFile; fileRef = 1041A159246719A30046681D /* BardG2.jpg */; };
		1041A15E246719A30046681D /* BardDenali.jpg in Resources */ = {isa = PBXBuildFile; fileRef = 1041A15A246719A30046681D /* BardDenali.jpg */; };
		1041A15F246719A30046681D /* BardEclipse.jpg in Resources */ = {isa = PBXBuildFile; fileRef = 1041A15B246719A30046681D /* BardEclipse.jpg */; };
		1041A16124671A180046681D /* filterData.json in Resources */ = {isa = PBXBuildFile; fileRef = 1041A16024671A180046681D /* filterData.json */; };
		1041A163246861E90046681D /* ContentView.swift in Sources */ = {isa = PBXBuildFile; fileRef = 1041A162246861E90046681D /* ContentView.swift */; };
		1041A16724689ED10046681D /* FilterAlert.swift in Sources */ = {isa = PBXBuildFile; fileRef = 1041A16624689ED10046681D /* FilterAlert.swift */; };
		1041A1692468A1280046681D /* GeneralList.swift in Sources */ = {isa = PBXBuildFile; fileRef = 1041A1682468A1280046681D /* GeneralList.swift */; };
		1041A16C246A1A5B0046681D /* ReferencesDetails.swift in Sources */ = {isa = PBXBuildFile; fileRef = 1041A16B246A1A5B0046681D /* ReferencesDetails.swift */; };
		1041A16E246A1A720046681D /* About.swift in Sources */ = {isa = PBXBuildFile; fileRef = 1041A16D246A1A720046681D /* About.swift */; };
		1041A170246A1ACE0046681D /* InfoList.swift in Sources */ = {isa = PBXBuildFile; fileRef = 1041A16F246A1ACE0046681D /* InfoList.swift */; };
		1041A172246A1F2F0046681D /* UserData.swift in Sources */ = {isa = PBXBuildFile; fileRef = 1041A171246A1F2F0046681D /* UserData.swift */; };
		1052EE98245A62390025DE2F /* AppDelegate.swift in Sources */ = {isa = PBXBuildFile; fileRef = 1052EE97245A62390025DE2F /* AppDelegate.swift */; };
		1052EE9A245A62390025DE2F /* SceneDelegate.swift in Sources */ = {isa = PBXBuildFile; fileRef = 1052EE99245A62390025DE2F /* SceneDelegate.swift */; };
		1052EE9C245A62390025DE2F /* FilterDetails.swift in Sources */ = {isa = PBXBuildFile; fileRef = 1052EE9B245A62390025DE2F /* FilterDetails.swift */; };
		1052EE9E245A62410025DE2F /* Assets.xcassets in Resources */ = {isa = PBXBuildFile; fileRef = 1052EE9D245A62410025DE2F /* Assets.xcassets */; };
		1052EEA1245A62410025DE2F /* Preview Assets.xcassets in Resources */ = {isa = PBXBuildFile; fileRef = 1052EEA0245A62410025DE2F /* Preview Assets.xcassets */; };
		1052EEA4245A62410025DE2F /* LaunchScreen.storyboard in Resources */ = {isa = PBXBuildFile; fileRef = 1052EEA2245A62410025DE2F /* LaunchScreen.storyboard */; };
		106F3EA5246F0746005D854F /* Home.swift in Sources */ = {isa = PBXBuildFile; fileRef = 106F3EA4246F0746005D854F /* Home.swift */; };
		106F3EA7246F0B48005D854F /* CategoryRow.swift in Sources */ = {isa = PBXBuildFile; fileRef = 106F3EA6246F0B48005D854F /* CategoryRow.swift */; };
		10A52CF9245F13FD0071E84D /* IVCImage.swift in Sources */ = {isa = PBXBuildFile; fileRef = 10A52CF8245F13FD0071E84D /* IVCImage.swift */; };
		10EB9184248837720036AF0E /* FilterMigrationEmbolization.swift in Sources */ = {isa = PBXBuildFile; fileRef = 10EB9183248837720036AF0E /* FilterMigrationEmbolization.swift */; };
		10EB9186248845830036AF0E /* FilterIVCThrombosis.swift in Sources */ = {isa = PBXBuildFile; fileRef = 10EB9185248845830036AF0E /* FilterIVCThrombosis.swift */; };
		10FAA56D2489B46000B711C4 /* FilterVTE.swift in Sources */ = {isa = PBXBuildFile; fileRef = 10FAA56C2489B46000B711C4 /* FilterVTE.swift */; };
		10FAA56F2489BA6F00B711C4 /* FilterPTS.swift in Sources */ = {isa = PBXBuildFile; fileRef = 10FAA56E2489BA6F00B711C4 /* FilterPTS.swift */; };
/* End PBXBuildFile section */

/* Begin PBXFileReference section */
		1014A03624809B2D000EC4EB /* IndicationsContraindications.swift */ = {isa = PBXFileReference; lastKnownFileType = sourcecode.swift; path = IndicationsContraindications.swift; sourceTree = "<group>"; };
		1014A03C248135FD000EC4EB /* FilterRemoval.swift */ = {isa = PBXFileReference; lastKnownFileType = sourcecode.swift; path = FilterRemoval.swift; sourceTree = "<group>"; };
		1014A03E24813925000EC4EB /* FilterComplications.swift */ = {isa = PBXFileReference; lastKnownFileType = sourcecode.swift; path = FilterComplications.swift; sourceTree = "<group>"; };
		1014A0402481519F000EC4EB /* FilterPenetration.swift */ = {isa = PBXFileReference; lastKnownFileType = sourcecode.swift; path = FilterPenetration.swift; sourceTree = "<group>"; };
		1014A042248179A2000EC4EB /* references.json */ = {isa = PBXFileReference; lastKnownFileType = text.json; path = references.json; sourceTree = "<group>"; };
		1014A04424817AC0000EC4EB /* Reference.swift */ = {isa = PBXFileReference; lastKnownFileType = sourcecode.swift; path = Reference.swift; sourceTree = "<group>"; };
		1014A04624819A13000EC4EB /* ReferenceList.swift */ = {isa = PBXFileReference; lastKnownFileType = sourcecode.swift; path = ReferenceList.swift; sourceTree = "<group>"; };
		1041A11A246713AC0046681D /* FilterRow.swift */ = {isa = PBXFileReference; lastKnownFileType = sourcecode.swift; path = FilterRow.swift; sourceTree = "<group>"; };
		1041A11C246713C20046681D /* FilterList.swift */ = {isa = PBXFileReference; lastKnownFileType = sourcecode.swift; path = FilterList.swift; sourceTree = "<group>"; };
		1041A11F246715E40046681D /* Filter.swift */ = {isa = PBXFileReference; lastKnownFileType = sourcecode.swift; path = Filter.swift; sourceTree = "<group>"; };
		1041A121246717870046681D /* Data.swift */ = {isa = PBXFileReference; lastKnownFileType = sourcecode.swift; path = Data.swift; sourceTree = "<group>"; };
		1041A124246719870046681D /* CookGuntherTulip.jpg */ = {isa = PBXFileReference; lastKnownFileType = image.jpeg; name = CookGuntherTulip.jpg; path = "../../../Downloads/drive-download-20200509T151942Z-001/CookGuntherTulip.jpg"; sourceTree = "<group>"; };
		1041A125246719870046681D /* CookBirdsNest.jpg */ = {isa = PBXFileReference; lastKnownFileType = image.jpeg; name = CookBirdsNest.jpg; path = "../../../Downloads/drive-download-20200509T151942Z-001/CookBirdsNest.jpg"; sourceTree = "<group>"; };
		1041A126246719870046681D /* CordisOptease.jpg */ = {isa = PBXFileReference; lastKnownFileType = image.jpeg; name = CordisOptease.jpg; path = "../../../Downloads/drive-download-20200509T151942Z-001/CordisOptease.jpg"; sourceTree = "<group>"; };
		1041A127246719870046681D /* RafaelSafeFlo.jpg */ = {isa = PBXFileReference; lastKnownFileType = image.jpeg; name = RafaelSafeFlo.jpg; path = "../../../Downloads/drive-download-20200509T151942Z-001/RafaelSafeFlo.jpg"; sourceTree = "<group>"; };
		1041A128246719870046681D /* CordisTrapease.jpg */ = {isa = PBXFileReference; lastKnownFileType = image.jpeg; name = CordisTrapease.jpg; path = "../../../Downloads/drive-download-20200509T151942Z-001/CordisTrapease.jpg"; sourceTree = "<group>"; };
		1041A129246719880046681D /* VolcanoCrux.jpg */ = {isa = PBXFileReference; lastKnownFileType = image.jpeg; name = VolcanoCrux.jpg; path = "../../../Downloads/drive-download-20200509T151942Z-001/VolcanoCrux.jpg"; sourceTree = "<group>"; };
		1041A12A246719880046681D /* Logo.jpg */ = {isa = PBXFileReference; lastKnownFileType = image.jpeg; name = Logo.jpg; path = "../../../Downloads/drive-download-20200509T151942Z-001/Logo.jpg"; sourceTree = "<group>"; };
		1041A12B246719880046681D /* BostonScientificTitaniumGreenfield.jpg */ = {isa = PBXFileReference; lastKnownFileType = image.jpeg; name = BostonScientificTitaniumGreenfield.jpg; path = "../../../Downloads/drive-download-20200509T151942Z-001/BostonScientificTitaniumGreenfield.jpg"; sourceTree = "<group>"; };
		1041A12C246719880046681D /* CookCelectPlatinum.jpg */ = {isa = PBXFileReference; lastKnownFileType = image.jpeg; name = CookCelectPlatinum.jpg; path = "../../../Downloads/drive-download-20200509T151942Z-001/CookCelectPlatinum.jpg"; sourceTree = "<group>"; };
		1041A12D246719880046681D /* Complications4.png */ = {isa = PBXFileReference; lastKnownFileType = image.png; name = Complications4.png; path = "../../../Downloads/drive-download-20200509T151942Z-001/Complications4.png"; sourceTree = "<group>"; };
		1041A12E246719880046681D /* CookCelect.jpg */ = {isa = PBXFileReference; lastKnownFileType = image.jpeg; name = CookCelect.jpg; path = "../../../Downloads/drive-download-20200509T151942Z-001/CookCelect.jpg"; sourceTree = "<group>"; };
		1041A12F246719880046681D /* VolcanoCrux2.jpg */ = {isa = PBXFileReference; lastKnownFileType = image.jpeg; name = VolcanoCrux2.jpg; path = "../../../Downloads/drive-download-20200509T151942Z-001/VolcanoCrux2.jpg"; sourceTree = "<group>"; };
		1041A130246719880046681D /* Complications6.png */ = {isa = PBXFileReference; lastKnownFileType = image.png; name = Complications6.png; path = "../../../Downloads/drive-download-20200509T151942Z-001/Complications6.png"; sourceTree = "<group>"; };
		1041A131246719880046681D /* Complications2.png */ = {isa = PBXFileReference; lastKnownFileType = image.png; name = Complications2.png; path = "../../../Downloads/drive-download-20200509T151942Z-001/Complications2.png"; sourceTree = "<group>"; };
		1041A132246719880046681D /* RexMedicalOption.jpg */ = {isa = PBXFileReference; lastKnownFileType = image.jpeg; name = RexMedicalOption.jpg; path = "../../../Downloads/drive-download-20200509T151942Z-001/RexMedicalOption.jpg"; sourceTree = "<group>"; };
		1041A133246719880046681D /* Complications5.png */ = {isa = PBXFileReference; lastKnownFileType = image.png; name = Complications5.png; path = "../../../Downloads/drive-download-20200509T151942Z-001/Complications5.png"; sourceTree = "<group>"; };
		1041A134246719880046681D /* Complications1.png */ = {isa = PBXFileReference; lastKnownFileType = image.png; name = Complications1.png; path = "../../../Downloads/drive-download-20200509T151942Z-001/Complications1.png"; sourceTree = "<group>"; };
		1041A135246719880046681D /* Complications3.png */ = {isa = PBXFileReference; lastKnownFileType = image.png; name = Complications3.png; path = "../../../Downloads/drive-download-20200509T151942Z-001/Complications3.png"; sourceTree = "<group>"; };
		1041A148246719960046681D /* BardMeridian.jpg */ = {isa = PBXFileReference; lastKnownFileType = image.jpeg; name = BardMeridian.jpg; path = "../../../Downloads/drive-download-20200509T151918Z-001/BardMeridian.jpg"; sourceTree = "<group>"; };
		1041A149246719960046681D /* BostonScientific24FrStainlessGreenfield.jpg */ = {isa = PBXFileReference; lastKnownFileType = image.jpeg; name = BostonScientific24FrStainlessGreenfield.jpg; path = "../../../Downloads/drive-download-20200509T151918Z-001/BostonScientific24FrStainlessGreenfield.jpg"; sourceTree = "<group>"; };
		1041A14A246719960046681D /* BBraunVenaTechLP.jpg */ = {isa = PBXFileReference; lastKnownFileType = image.jpeg; name = BBraunVenaTechLP.jpg; path = "../../../Downloads/drive-download-20200509T151918Z-001/BBraunVenaTechLP.jpg"; sourceTree = "<group>"; };
		1041A14B246719960046681D /* BardG2X.jpg */ = {isa = PBXFileReference; lastKnownFileType = image.jpeg; name = BardG2X.jpg; path = "../../../Downloads/drive-download-20200509T151918Z-001/BardG2X.jpg"; sourceTree = "<group>"; };
		1041A14C246719960046681D /* BBraunVenaTechLGM.jpg */ = {isa = PBXFileReference; lastKnownFileType = image.jpeg; name = BBraunVenaTechLGM.jpg; path = "../../../Downloads/drive-download-20200509T151918Z-001/BBraunVenaTechLGM.jpg"; sourceTree = "<group>"; };
		1041A14D246719960046681D /* BardRecovery.jpg */ = {isa = PBXFileReference; lastKnownFileType = image.jpeg; name = BardRecovery.jpg; path = "../../../Downloads/drive-download-20200509T151918Z-001/BardRecovery.jpg"; sourceTree = "<group>"; };
		1041A14E246719960046681D /* BardSimonNitinol.jpg */ = {isa = PBXFileReference; lastKnownFileType = image.jpeg; name = BardSimonNitinol.jpg; path = "../../../Downloads/drive-download-20200509T151918Z-001/BardSimonNitinol.jpg"; sourceTree = "<group>"; };
		1041A14F246719960046681D /* BostonScientific12FrStainlessGreenfield.jpg */ = {isa = PBXFileReference; lastKnownFileType = image.jpeg; name = BostonScientific12FrStainlessGreenfield.jpg; path = "../../../Downloads/drive-download-20200509T151918Z-001/BostonScientific12FrStainlessGreenfield.jpg"; sourceTree = "<group>"; };
		1041A158246719A30046681D /* ALN.jpg */ = {isa = PBXFileReference; lastKnownFileType = image.jpeg; name = ALN.jpg; path = ../../../Downloads/ALN.jpg; sourceTree = "<group>"; };
		1041A159246719A30046681D /* BardG2.jpg */ = {isa = PBXFileReference; lastKnownFileType = image.jpeg; name = BardG2.jpg; path = ../../../Downloads/BardG2.jpg; sourceTree = "<group>"; };
		1041A15A246719A30046681D /* BardDenali.jpg */ = {isa = PBXFileReference; lastKnownFileType = image.jpeg; name = BardDenali.jpg; path = ../../../Downloads/BardDenali.jpg; sourceTree = "<group>"; };
		1041A15B246719A30046681D /* BardEclipse.jpg */ = {isa = PBXFileReference; lastKnownFileType = image.jpeg; name = BardEclipse.jpg; path = ../../../Downloads/BardEclipse.jpg; sourceTree = "<group>"; };
		1041A16024671A180046681D /* filterData.json */ = {isa = PBXFileReference; lastKnownFileType = text.json; path = filterData.json; sourceTree = "<group>"; };
		1041A162246861E90046681D /* ContentView.swift */ = {isa = PBXFileReference; lastKnownFileType = sourcecode.swift; name = ContentView.swift; path = ../ContentView.swift; sourceTree = "<group>"; };
		1041A16624689ED10046681D /* FilterAlert.swift */ = {isa = PBXFileReference; lastKnownFileType = sourcecode.swift; path = FilterAlert.swift; sourceTree = "<group>"; };
		1041A1682468A1280046681D /* GeneralList.swift */ = {isa = PBXFileReference; lastKnownFileType = sourcecode.swift; path = GeneralList.swift; sourceTree = "<group>"; };
		1041A16B246A1A5B0046681D /* ReferencesDetails.swift */ = {isa = PBXFileReference; lastKnownFileType = sourcecode.swift; path = ReferencesDetails.swift; sourceTree = "<group>"; };
		1041A16D246A1A720046681D /* About.swift */ = {isa = PBXFileReference; lastKnownFileType = sourcecode.swift; path = About.swift; sourceTree = "<group>"; };
		1041A16F246A1ACE0046681D /* InfoList.swift */ = {isa = PBXFileReference; lastKnownFileType = sourcecode.swift; path = InfoList.swift; sourceTree = "<group>"; };
		1041A171246A1F2F0046681D /* UserData.swift */ = {isa = PBXFileReference; lastKnownFileType = sourcecode.swift; path = UserData.swift; sourceTree = "<group>"; };
		1052EE94245A62390025DE2F /* Filters.app */ = {isa = PBXFileReference; explicitFileType = wrapper.application; includeInIndex = 0; path = Filters.app; sourceTree = BUILT_PRODUCTS_DIR; };
		1052EE97245A62390025DE2F /* AppDelegate.swift */ = {isa = PBXFileReference; lastKnownFileType = sourcecode.swift; path = AppDelegate.swift; sourceTree = "<group>"; };
		1052EE99245A62390025DE2F /* SceneDelegate.swift */ = {isa = PBXFileReference; lastKnownFileType = sourcecode.swift; path = SceneDelegate.swift; sourceTree = "<group>"; };
		1052EE9B245A62390025DE2F /* FilterDetails.swift */ = {isa = PBXFileReference; lastKnownFileType = sourcecode.swift; path = FilterDetails.swift; sourceTree = "<group>"; };
		1052EE9D245A62410025DE2F /* Assets.xcassets */ = {isa = PBXFileReference; lastKnownFileType = folder.assetcatalog; path = Assets.xcassets; sourceTree = "<group>"; };
		1052EEA0245A62410025DE2F /* Preview Assets.xcassets */ = {isa = PBXFileReference; lastKnownFileType = folder.assetcatalog; path = "Preview Assets.xcassets"; sourceTree = "<group>"; };
		1052EEA3245A62410025DE2F /* Base */ = {isa = PBXFileReference; lastKnownFileType = file.storyboard; name = Base; path = Base.lproj/LaunchScreen.storyboard; sourceTree = "<group>"; };
		1052EEA5245A62410025DE2F /* Info.plist */ = {isa = PBXFileReference; lastKnownFileType = text.plist.xml; path = Info.plist; sourceTree = "<group>"; };
		106F3EA4246F0746005D854F /* Home.swift */ = {isa = PBXFileReference; lastKnownFileType = sourcecode.swift; path = Home.swift; sourceTree = "<group>"; };
		106F3EA6246F0B48005D854F /* CategoryRow.swift */ = {isa = PBXFileReference; lastKnownFileType = sourcecode.swift; path = CategoryRow.swift; sourceTree = "<group>"; };
		10A52CF8245F13FD0071E84D /* IVCImage.swift */ = {isa = PBXFileReference; lastKnownFileType = sourcecode.swift; path = IVCImage.swift; sourceTree = "<group>"; };
		10EB9183248837720036AF0E /* FilterMigrationEmbolization.swift */ = {isa = PBXFileReference; lastKnownFileType = sourcecode.swift; path = FilterMigrationEmbolization.swift; sourceTree = "<group>"; };
		10EB9185248845830036AF0E /* FilterIVCThrombosis.swift */ = {isa = PBXFileReference; lastKnownFileType = sourcecode.swift; path = FilterIVCThrombosis.swift; sourceTree = "<group>"; };
		10FAA56C2489B46000B711C4 /* FilterVTE.swift */ = {isa = PBXFileReference; lastKnownFileType = sourcecode.swift; path = FilterVTE.swift; sourceTree = "<group>"; };
		10FAA56E2489BA6F00B711C4 /* FilterPTS.swift */ = {isa = PBXFileReference; lastKnownFileType = sourcecode.swift; path = FilterPTS.swift; sourceTree = "<group>"; };
/* End PBXFileReference section */

/* Begin PBXFrameworksBuildPhase section */
		1052EE91245A62390025DE2F /* Frameworks */ = {
			isa = PBXFrameworksBuildPhase;
			buildActionMask = 2147483647;
			files = (
			);
			runOnlyForDeploymentPostprocessing = 0;
		};
/* End PBXFrameworksBuildPhase section */

/* Begin PBXGroup section */
		1041A11E246715770046681D /* Models */ = {
			isa = PBXGroup;
			children = (
				1041A11F246715E40046681D /* Filter.swift */,
				1041A121246717870046681D /* Data.swift */,
				1041A171246A1F2F0046681D /* UserData.swift */,
				1014A04424817AC0000EC4EB /* Reference.swift */,
			);
			path = Models;
			sourceTree = "<group>";
		};
		1041A1232467192C0046681D /* Resources */ = {
			isa = PBXGroup;
			children = (
				1041A158246719A30046681D /* ALN.jpg */,
				1041A15A246719A30046681D /* BardDenali.jpg */,
				1041A15B246719A30046681D /* BardEclipse.jpg */,
				1041A159246719A30046681D /* BardG2.jpg */,
				1041A14B246719960046681D /* BardG2X.jpg */,
				1041A148246719960046681D /* BardMeridian.jpg */,
				1041A14D246719960046681D /* BardRecovery.jpg */,
				1041A14E246719960046681D /* BardSimonNitinol.jpg */,
				1041A14C246719960046681D /* BBraunVenaTechLGM.jpg */,
				1041A14A246719960046681D /* BBraunVenaTechLP.jpg */,
				1041A14F246719960046681D /* BostonScientific12FrStainlessGreenfield.jpg */,
				1041A149246719960046681D /* BostonScientific24FrStainlessGreenfield.jpg */,
				1041A12B246719880046681D /* BostonScientificTitaniumGreenfield.jpg */,
				1041A12D246719880046681D /* Complications4.png */,
				1041A134246719880046681D /* Complications1.png */,
				1041A131246719880046681D /* Complications2.png */,
				1041A135246719880046681D /* Complications3.png */,
				1041A133246719880046681D /* Complications5.png */,
				1041A130246719880046681D /* Complications6.png */,
				1041A125246719870046681D /* CookBirdsNest.jpg */,
				1041A12E246719880046681D /* CookCelect.jpg */,
				1041A12C246719880046681D /* CookCelectPlatinum.jpg */,
				1041A124246719870046681D /* CookGuntherTulip.jpg */,
				1041A126246719870046681D /* CordisOptease.jpg */,
				1041A128246719870046681D /* CordisTrapease.jpg */,
				1041A12A246719880046681D /* Logo.jpg */,
				1041A127246719870046681D /* RafaelSafeFlo.jpg */,
				1041A132246719880046681D /* RexMedicalOption.jpg */,
				1041A129246719880046681D /* VolcanoCrux.jpg */,
				1041A12F246719880046681D /* VolcanoCrux2.jpg */,
				1041A16024671A180046681D /* filterData.json */,
				1014A042248179A2000EC4EB /* references.json */,
			);
			path = Resources;
			sourceTree = "<group>";
		};
		1041A1642468999C0046681D /* IVCFilters */ = {
			isa = PBXGroup;
			children = (
				1052EE9B245A62390025DE2F /* FilterDetails.swift */,
				1041A11A246713AC0046681D /* FilterRow.swift */,
				1041A11C246713C20046681D /* FilterList.swift */,
				106F3EA4246F0746005D854F /* Home.swift */,
				106F3EA6246F0B48005D854F /* CategoryRow.swift */,
			);
			path = IVCFilters;
			sourceTree = "<group>";
		};
		1041A16524689BCA0046681D /* General */ = {
			isa = PBXGroup;
			children = (
				1041A16624689ED10046681D /* FilterAlert.swift */,
				1041A1682468A1280046681D /* GeneralList.swift */,
				1014A03624809B2D000EC4EB /* IndicationsContraindications.swift */,
				1014A03C248135FD000EC4EB /* FilterRemoval.swift */,
				1014A03E24813925000EC4EB /* FilterComplications.swift */,
				1014A0402481519F000EC4EB /* FilterPenetration.swift */,
				10EB9183248837720036AF0E /* FilterMigrationEmbolization.swift */,
				10EB9185248845830036AF0E /* FilterIVCThrombosis.swift */,
				10FAA56C2489B46000B711C4 /* FilterVTE.swift */,
				10FAA56E2489BA6F00B711C4 /* FilterPTS.swift */,
			);
			path = General;
			sourceTree = "<group>";
		};
		1041A16A246A1A430046681D /* Info */ = {
			isa = PBXGroup;
			children = (
				1041A16B246A1A5B0046681D /* ReferencesDetails.swift */,
				1014A04624819A13000EC4EB /* ReferenceList.swift */,
				1041A16D246A1A720046681D /* About.swift */,
				1041A16F246A1ACE0046681D /* InfoList.swift */,
			);
			path = Info;
			sourceTree = "<group>";
		};
		1052EE8B245A62390025DE2F = {
			isa = PBXGroup;
			children = (
				1041A1232467192C0046681D /* Resources */,
				1041A11E246715770046681D /* Models */,
				1052EE96245A62390025DE2F /* Filters */,
				1052EE95245A62390025DE2F /* Products */,
			);
			sourceTree = "<group>";
		};
		1052EE95245A62390025DE2F /* Products */ = {
			isa = PBXGroup;
			children = (
				1052EE94245A62390025DE2F /* Filters.app */,
			);
			name = Products;
			sourceTree = "<group>";
		};
		1052EE96245A62390025DE2F /* Filters */ = {
			isa = PBXGroup;
			children = (
				1041A16A246A1A430046681D /* Info */,
				1041A16524689BCA0046681D /* General */,
				1041A1642468999C0046681D /* IVCFilters */,
				1041A162246861E90046681D /* ContentView.swift */,
				1052EE97245A62390025DE2F /* AppDelegate.swift */,
				1052EE99245A62390025DE2F /* SceneDelegate.swift */,
				1052EE9D245A62410025DE2F /* Assets.xcassets */,
				10A52CF8245F13FD0071E84D /* IVCImage.swift */,
				1052EEA2245A62410025DE2F /* LaunchScreen.storyboard */,
				1052EEA5245A62410025DE2F /* Info.plist */,
				1052EE9F245A62410025DE2F /* Preview Content */,
			);
			path = Filters;
			sourceTree = "<group>";
		};
		1052EE9F245A62410025DE2F /* Preview Content */ = {
			isa = PBXGroup;
			children = (
				1052EEA0245A62410025DE2F /* Preview Assets.xcassets */,
			);
			path = "Preview Content";
			sourceTree = "<group>";
		};
/* End PBXGroup section */

/* Begin PBXNativeTarget section */
		1052EE93245A62390025DE2F /* Filters */ = {
			isa = PBXNativeTarget;
			buildConfigurationList = 1052EEA8245A62410025DE2F /* Build configuration list for PBXNativeTarget "Filters" */;
			buildPhases = (
				1052EE90245A62390025DE2F /* Sources */,
				1052EE91245A62390025DE2F /* Frameworks */,
				1052EE92245A62390025DE2F /* Resources */,
			);
			buildRules = (
			);
			dependencies = (
			);
			name = Filters;
			productName = Filters;
			productReference = 1052EE94245A62390025DE2F /* Filters.app */;
			productType = "com.apple.product-type.application";
		};
/* End PBXNativeTarget section */

/* Begin PBXProject section */
		1052EE8C245A62390025DE2F /* Project object */ = {
			isa = PBXProject;
			attributes = {
				LastSwiftUpdateCheck = 1140;
				LastUpgradeCheck = 1140;
				ORGANIZATIONNAME = "Ramirez Paul E";
				TargetAttributes = {
					1052EE93245A62390025DE2F = {
						CreatedOnToolsVersion = 11.4.1;
					};
				};
			};
			buildConfigurationList = 1052EE8F245A62390025DE2F /* Build configuration list for PBXProject "Filters" */;
			compatibilityVersion = "Xcode 9.3";
			developmentRegion = en;
			hasScannedForEncodings = 0;
			knownRegions = (
				en,
				Base,
			);
			mainGroup = 1052EE8B245A62390025DE2F;
			productRefGroup = 1052EE95245A62390025DE2F /* Products */;
			projectDirPath = "";
			projectRoot = "";
			targets = (
				1052EE93245A62390025DE2F /* Filters */,
			);
		};
/* End PBXProject section */

/* Begin PBXResourcesBuildPhase section */
		1052EE92245A62390025DE2F /* Resources */ = {
			isa = PBXResourcesBuildPhase;
			buildActionMask = 2147483647;
			files = (
				1041A157246719960046681D /* BostonScientific12FrStainlessGreenfield.jpg in Resources */,
				1041A142246719880046681D /* Complications6.png in Resources */,
				1041A15D246719A30046681D /* BardG2.jpg in Resources */,
				1041A15F246719A30046681D /* BardEclipse.jpg in Resources */,
				1041A15E246719A30046681D /* BardDenali.jpg in Resources */,
				1052EEA4245A62410025DE2F /* LaunchScreen.storyboard in Resources */,
				1041A147246719880046681D /* Complications3.png in Resources */,
				1052EEA1245A62410025DE2F /* Preview Assets.xcassets in Resources */,
				1041A155246719960046681D /* BardRecovery.jpg in Resources */,
				1041A145246719880046681D /* Complications5.png in Resources */,
				1041A13C246719880046681D /* Logo.jpg in Resources */,
				1041A156246719960046681D /* BardSimonNitinol.jpg in Resources */,
				1041A13F246719880046681D /* Complications4.png in Resources */,
				1041A150246719960046681D /* BardMeridian.jpg in Resources */,
				1041A143246719880046681D /* Complications2.png in Resources */,
				1041A146246719880046681D /* Complications1.png in Resources */,
				1041A13A246719880046681D /* CordisTrapease.jpg in Resources */,
				1014A043248179A2000EC4EB /* references.json in Resources */,
				1041A153246719960046681D /* BardG2X.jpg in Resources */,
				1041A13B246719880046681D /* VolcanoCrux.jpg in Resources */,
				1041A16124671A180046681D /* filterData.json in Resources */,
				1041A139246719880046681D /* RafaelSafeFlo.jpg in Resources */,
				1041A13D246719880046681D /* BostonScientificTitaniumGreenfield.jpg in Resources */,
				1041A13E246719880046681D /* CookCelectPlatinum.jpg in Resources */,
				1041A152246719960046681D /* BBraunVenaTechLP.jpg in Resources */,
				1041A136246719880046681D /* CookGuntherTulip.jpg in Resources */,
				1041A15C246719A30046681D /* ALN.jpg in Resources */,
				1041A144246719880046681D /* RexMedicalOption.jpg in Resources */,
				1052EE9E245A62410025DE2F /* Assets.xcassets in Resources */,
				1041A154246719960046681D /* BBraunVenaTechLGM.jpg in Resources */,
				1041A137246719880046681D /* CookBirdsNest.jpg in Resources */,
				1041A138246719880046681D /* CordisOptease.jpg in Resources */,
				1041A140246719880046681D /* CookCelect.jpg in Resources */,
				1041A151246719960046681D /* BostonScientific24FrStainlessGreenfield.jpg in Resources */,
				1041A141246719880046681D /* VolcanoCrux2.jpg in Resources */,
			);
			runOnlyForDeploymentPostprocessing = 0;
		};
/* End PBXResourcesBuildPhase section */

/* Begin PBXSourcesBuildPhase section */
		1052EE90245A62390025DE2F /* Sources */ = {
			isa = PBXSourcesBuildPhase;
			buildActionMask = 2147483647;
			files = (
				1041A120246715E40046681D /* Filter.swift in Sources */,
				1041A11B246713AC0046681D /* FilterRow.swift in Sources */,
				1041A16724689ED10046681D /* FilterAlert.swift in Sources */,
				1014A0412481519F000EC4EB /* FilterPenetration.swift in Sources */,
				1041A172246A1F2F0046681D /* UserData.swift in Sources */,
				1014A03724809B2D000EC4EB /* IndicationsContraindications.swift in Sources */,
				1052EE98245A62390025DE2F /* AppDelegate.swift in Sources */,
				1041A16E246A1A720046681D /* About.swift in Sources */,
				1041A170246A1ACE0046681D /* InfoList.swift in Sources */,
				10EB9186248845830036AF0E /* FilterIVCThrombosis.swift in Sources */,
				10A52CF9245F13FD0071E84D /* IVCImage.swift in Sources */,
				1014A03D248135FD000EC4EB /* FilterRemoval.swift in Sources */,
				106F3EA7246F0B48005D854F /* CategoryRow.swift in Sources */,
				1052EE9A245A62390025DE2F /* SceneDelegate.swift in Sources */,
				1041A163246861E90046681D /* ContentView.swift in Sources */,
				1041A1692468A1280046681D /* GeneralList.swift in Sources */,
				1014A04724819A13000EC4EB /* ReferenceList.swift in Sources */,
				1052EE9C245A62390025DE2F /* FilterDetails.swift in Sources */,
				1041A16C246A1A5B0046681D /* ReferencesDetails.swift in Sources */,
				10FAA56D2489B46000B711C4 /* FilterVTE.swift in Sources */,
				10FAA56F2489BA6F00B711C4 /* FilterPTS.swift in Sources */,
				1014A04524817AC0000EC4EB /* Reference.swift in Sources */,
				10EB9184248837720036AF0E /* FilterMigrationEmbolization.swift in Sources */,
				1041A11D246713C20046681D /* FilterList.swift in Sources */,
				106F3EA5246F0746005D854F /* Home.swift in Sources */,
				1041A122246717870046681D /* Data.swift in Sources */,
				1014A03F24813925000EC4EB /* FilterComplications.swift in Sources */,
			);
			runOnlyForDeploymentPostprocessing = 0;
		};
/* End PBXSourcesBuildPhase section */

/* Begin PBXVariantGroup section */
		1052EEA2245A62410025DE2F /* LaunchScreen.storyboard */ = {
			isa = PBXVariantGroup;
			children = (
				1052EEA3245A62410025DE2F /* Base */,
			);
			name = LaunchScreen.storyboard;
			sourceTree = "<group>";
		};
/* End PBXVariantGroup section */

/* Begin XCBuildConfiguration section */
		1052EEA6245A62410025DE2F /* Debug */ = {
			isa = XCBuildConfiguration;
			buildSettings = {
				ALWAYS_SEARCH_USER_PATHS = NO;
				CLANG_ANALYZER_NONNULL = YES;
				CLANG_ANALYZER_NUMBER_OBJECT_CONVERSION = YES_AGGRESSIVE;
				CLANG_CXX_LANGUAGE_STANDARD = "gnu++14";
				CLANG_CXX_LIBRARY = "libc++";
				CLANG_ENABLE_MODULES = YES;
				CLANG_ENABLE_OBJC_ARC = YES;
				CLANG_ENABLE_OBJC_WEAK = YES;
				CLANG_WARN_BLOCK_CAPTURE_AUTORELEASING = YES;
				CLANG_WARN_BOOL_CONVERSION = YES;
				CLANG_WARN_COMMA = YES;
				CLANG_WARN_CONSTANT_CONVERSION = YES;
				CLANG_WARN_DEPRECATED_OBJC_IMPLEMENTATIONS = YES;
				CLANG_WARN_DIRECT_OBJC_ISA_USAGE = YES_ERROR;
				CLANG_WARN_DOCUMENTATION_COMMENTS = YES;
				CLANG_WARN_EMPTY_BODY = YES;
				CLANG_WARN_ENUM_CONVERSION = YES;
				CLANG_WARN_INFINITE_RECURSION = YES;
				CLANG_WARN_INT_CONVERSION = YES;
				CLANG_WARN_NON_LITERAL_NULL_CONVERSION = YES;
				CLANG_WARN_OBJC_IMPLICIT_RETAIN_SELF = YES;
				CLANG_WARN_OBJC_LITERAL_CONVERSION = YES;
				CLANG_WARN_OBJC_ROOT_CLASS = YES_ERROR;
				CLANG_WARN_RANGE_LOOP_ANALYSIS = YES;
				CLANG_WARN_STRICT_PROTOTYPES = YES;
				CLANG_WARN_SUSPICIOUS_MOVE = YES;
				CLANG_WARN_UNGUARDED_AVAILABILITY = YES_AGGRESSIVE;
				CLANG_WARN_UNREACHABLE_CODE = YES;
				CLANG_WARN__DUPLICATE_METHOD_MATCH = YES;
				COPY_PHASE_STRIP = NO;
				DEBUG_INFORMATION_FORMAT = dwarf;
				ENABLE_STRICT_OBJC_MSGSEND = YES;
				ENABLE_TESTABILITY = YES;
				GCC_C_LANGUAGE_STANDARD = gnu11;
				GCC_DYNAMIC_NO_PIC = NO;
				GCC_NO_COMMON_BLOCKS = YES;
				GCC_OPTIMIZATION_LEVEL = 0;
				GCC_PREPROCESSOR_DEFINITIONS = (
					"DEBUG=1",
					"$(inherited)",
				);
				GCC_WARN_64_TO_32_BIT_CONVERSION = YES;
				GCC_WARN_ABOUT_RETURN_TYPE = YES_ERROR;
				GCC_WARN_UNDECLARED_SELECTOR = YES;
				GCC_WARN_UNINITIALIZED_AUTOS = YES_AGGRESSIVE;
				GCC_WARN_UNUSED_FUNCTION = YES;
				GCC_WARN_UNUSED_VARIABLE = YES;
				IPHONEOS_DEPLOYMENT_TARGET = 13.4;
				MTL_ENABLE_DEBUG_INFO = INCLUDE_SOURCE;
				MTL_FAST_MATH = YES;
				ONLY_ACTIVE_ARCH = YES;
				SDKROOT = iphoneos;
				SWIFT_ACTIVE_COMPILATION_CONDITIONS = DEBUG;
				SWIFT_OPTIMIZATION_LEVEL = "-Onone";
			};
			name = Debug;
		};
		1052EEA7245A62410025DE2F /* Release */ = {
			isa = XCBuildConfiguration;
			buildSettings = {
				ALWAYS_SEARCH_USER_PATHS = NO;
				CLANG_ANALYZER_NONNULL = YES;
				CLANG_ANALYZER_NUMBER_OBJECT_CONVERSION = YES_AGGRESSIVE;
				CLANG_CXX_LANGUAGE_STANDARD = "gnu++14";
				CLANG_CXX_LIBRARY = "libc++";
				CLANG_ENABLE_MODULES = YES;
				CLANG_ENABLE_OBJC_ARC = YES;
				CLANG_ENABLE_OBJC_WEAK = YES;
				CLANG_WARN_BLOCK_CAPTURE_AUTORELEASING = YES;
				CLANG_WARN_BOOL_CONVERSION = YES;
				CLANG_WARN_COMMA = YES;
				CLANG_WARN_CONSTANT_CONVERSION = YES;
				CLANG_WARN_DEPRECATED_OBJC_IMPLEMENTATIONS = YES;
				CLANG_WARN_DIRECT_OBJC_ISA_USAGE = YES_ERROR;
				CLANG_WARN_DOCUMENTATION_COMMENTS = YES;
				CLANG_WARN_EMPTY_BODY = YES;
				CLANG_WARN_ENUM_CONVERSION = YES;
				CLANG_WARN_INFINITE_RECURSION = YES;
				CLANG_WARN_INT_CONVERSION = YES;
				CLANG_WARN_NON_LITERAL_NULL_CONVERSION = YES;
				CLANG_WARN_OBJC_IMPLICIT_RETAIN_SELF = YES;
				CLANG_WARN_OBJC_LITERAL_CONVERSION = YES;
				CLANG_WARN_OBJC_ROOT_CLASS = YES_ERROR;
				CLANG_WARN_RANGE_LOOP_ANALYSIS = YES;
				CLANG_WARN_STRICT_PROTOTYPES = YES;
				CLANG_WARN_SUSPICIOUS_MOVE = YES;
				CLANG_WARN_UNGUARDED_AVAILABILITY = YES_AGGRESSIVE;
				CLANG_WARN_UNREACHABLE_CODE = YES;
				CLANG_WARN__DUPLICATE_METHOD_MATCH = YES;
				COPY_PHASE_STRIP = NO;
				DEBUG_INFORMATION_FORMAT = "dwarf-with-dsym";
				ENABLE_NS_ASSERTIONS = NO;
				ENABLE_STRICT_OBJC_MSGSEND = YES;
				GCC_C_LANGUAGE_STANDARD = gnu11;
				GCC_NO_COMMON_BLOCKS = YES;
				GCC_WARN_64_TO_32_BIT_CONVERSION = YES;
				GCC_WARN_ABOUT_RETURN_TYPE = YES_ERROR;
				GCC_WARN_UNDECLARED_SELECTOR = YES;
				GCC_WARN_UNINITIALIZED_AUTOS = YES_AGGRESSIVE;
				GCC_WARN_UNUSED_FUNCTION = YES;
				GCC_WARN_UNUSED_VARIABLE = YES;
				IPHONEOS_DEPLOYMENT_TARGET = 13.4;
				MTL_ENABLE_DEBUG_INFO = NO;
				MTL_FAST_MATH = YES;
				SDKROOT = iphoneos;
				SWIFT_COMPILATION_MODE = wholemodule;
				SWIFT_OPTIMIZATION_LEVEL = "-O";
				VALIDATE_PRODUCT = YES;
			};
			name = Release;
		};
		1052EEA9245A62410025DE2F /* Debug */ = {
			isa = XCBuildConfiguration;
			buildSettings = {
				ASSETCATALOG_COMPILER_APPICON_NAME = AppIcon;
				CODE_SIGN_IDENTITY = "Apple Development";
				CODE_SIGN_STYLE = Automatic;
				CURRENT_PROJECT_VERSION = 1;
				DEVELOPMENT_ASSET_PATHS = "\"Filters/Preview Content\"";
				DEVELOPMENT_TEAM = G6ZMN3P4S9;
				ENABLE_PREVIEWS = YES;
				INFOPLIST_FILE = Filters/Info.plist;
				LD_RUNPATH_SEARCH_PATHS = (
					"$(inherited)",
					"@executable_path/Frameworks",
				);
				MARKETING_VERSION = 1;
				PRODUCT_BUNDLE_IDENTIFIER = paramireze.ivcfilters;
				PRODUCT_NAME = "$(TARGET_NAME)";
				PROVISIONING_PROFILE_SPECIFIER = "";
				SWIFT_VERSION = 5.0;
				TARGETED_DEVICE_FAMILY = "1,2";
			};
			name = Debug;
		};
		1052EEAA245A62410025DE2F /* Release */ = {
			isa = XCBuildConfiguration;
			buildSettings = {
				ASSETCATALOG_COMPILER_APPICON_NAME = AppIcon;
				CODE_SIGN_IDENTITY = "Apple Development";
				CODE_SIGN_STYLE = Automatic;
				CURRENT_PROJECT_VERSION = 1;
				DEVELOPMENT_ASSET_PATHS = "\"Filters/Preview Content\"";
				DEVELOPMENT_TEAM = G6ZMN3P4S9;
				ENABLE_PREVIEWS = YES;
				INFOPLIST_FILE = Filters/Info.plist;
				LD_RUNPATH_SEARCH_PATHS = (
					"$(inherited)",
					"@executable_path/Frameworks",
				);
				MARKETING_VERSION = 1;
				PRODUCT_BUNDLE_IDENTIFIER = paramireze.ivcfilters;
				PRODUCT_NAME = "$(TARGET_NAME)";
				PROVISIONING_PROFILE_SPECIFIER = "";
				SWIFT_VERSION = 5.0;
				TARGETED_DEVICE_FAMILY = "1,2";
			};
			name = Release;
		};
/* End XCBuildConfiguration section */

/* Begin XCConfigurationList section */
		1052EE8F245A62390025DE2F /* Build configuration list for PBXProject "Filters" */ = {
			isa = XCConfigurationList;
			buildConfigurations = (
				1052EEA6245A62410025DE2F /* Debug */,
				1052EEA7245A62410025DE2F /* Release */,
			);
			defaultConfigurationIsVisible = 0;
			defaultConfigurationName = Release;
		};
		1052EEA8245A62410025DE2F /* Build configuration list for PBXNativeTarget "Filters" */ = {
			isa = XCConfigurationList;
			buildConfigurations = (
				1052EEA9245A62410025DE2F /* Debug */,
				1052EEAA245A62410025DE2F /* Release */,
			);
			defaultConfigurationIsVisible = 0;
			defaultConfigurationName = Release;
		};
/* End XCConfigurationList section */
	};
	rootObject = 1052EE8C245A62390025DE2F /* Project object */;
}
